
Microsoft Visual Studio Solution File, Format Version 12.00
# Visual Studio 15
VisualStudioVersion = 15.0.28010.2046
MinimumVisualStudioVersion = 10.0.40219.1
Project("{FAE04EC0-301F-11D3-BF4B-00C04F79EFBC}") = "NUnit.FixtureDependent", "src\NUnit.FixtureDependent\NUnit.FixtureDependent.csproj", "{6A2E5787-9D8C-4489-9EA1-FC5F25BF8CD7}"
EndProject
Project("{FAE04EC0-301F-11D3-BF4B-00C04F79EFBC}") = "NUnit.FixtureDependent.Sample", "src\NUnit.FixtureDependent.Sample\NUnit.FixtureDependent.Sample.csproj", "{520BC499-BAF4-4035-9095-3D2BD9C0DB5B}"
	ProjectSection(ProjectDependencies) = postProject
		{6A2E5787-9D8C-4489-9EA1-FC5F25BF8CD7} = {6A2E5787-9D8C-4489-9EA1-FC5F25BF8CD7}
	EndProjectSection
EndProject
Global
	GlobalSection(SolutionConfigurationPlatforms) = preSolution
		Debug|Any CPU = Debug|Any CPU
		Release|Any CPU = Release|Any CPU
	EndGlobalSection
	GlobalSection(ProjectConfigurationPlatforms) = postSolution
		{6A2E5787-9D8C-4489-9EA1-FC5F25BF8CD7}.Debug|Any CPU.ActiveCfg = Debug|Any CPU
		{6A2E5787-9D8C-4489-9EA1-FC5F25BF8CD7}.Debug|Any CPU.Build.0 = Debug|Any CPU
		{6A2E5787-9D8C-4489-9EA1-FC5F25BF8CD7}.Release|Any CPU.ActiveCfg = Release|Any CPU
		{6A2E5787-9D8C-4489-9EA1-FC5F25BF8CD7}.Release|Any CPU.Build.0 = Release|Any CPU
		{520BC499-BAF4-4035-9095-3D2BD9C0DB5B}.Debug|Any CPU.ActiveCfg = Debug|Any CPU
		{520BC499-BAF4-4035-9095-3D2BD9C0DB5B}.Debug|Any CPU.Build.0 = Debug|Any CPU
		{520BC499-BAF4-4035-9095-3D2BD9C0DB5B}.Release|Any CPU.ActiveCfg = Release|Any CPU
		{520BC499-BAF4-4035-9095-3D2BD9C0DB5B}.Release|Any CPU.Build.0 = Release|Any CPU
	EndGlobalSection
	GlobalSection(SolutionProperties) = preSolution
		HideSolutionNode = FALSE
	EndGlobalSection
	GlobalSection(ExtensibilityGlobals) = postSolution
		SolutionGuid = {222B57CA-E22E-43FA-AD8C-61F1060F6BCA}
	EndGlobalSection
EndGlobal
