
Microsoft Visual Studio Solution File, Format Version 12.00
# Visual Studio 15
VisualStudioVersion = 15.0.26124.0
MinimumVisualStudioVersion = 15.0.26124.0
Project("{2150E333-8FDC-42A3-9474-1A3956D46DE8}") = "src", "src", "{539E4A85-17AA-42E9-88FD-BE8F43D2B146}"
EndProject
Project("{FAE04EC0-301F-11D3-BF4B-00C04F79EFBC}") = "NUnit.FixtureDependent", "src\NUnit.FixtureDependent\NUnit.FixtureDependent.csproj", "{501DE5E5-9E64-4462-AA12-067802B1CA21}"
EndProject
Project("{FAE04EC0-301F-11D3-BF4B-00C04F79EFBC}") = "NUnit.FixtureDependent.Sample", "src\NUnit.FixtureDependent.Sample\NUnit.FixtureDependent.Sample.csproj", "{7112DA44-BA97-4473-8CEE-BB5DA5138798}"
EndProject
Global
	GlobalSection(SolutionConfigurationPlatforms) = preSolution
		Debug|Any CPU = Debug|Any CPU
		Debug|x64 = Debug|x64
		Debug|x86 = Debug|x86
		Release|Any CPU = Release|Any CPU
		Release|x64 = Release|x64
		Release|x86 = Release|x86
	EndGlobalSection
	GlobalSection(SolutionProperties) = preSolution
		HideSolutionNode = FALSE
	EndGlobalSection
	GlobalSection(ProjectConfigurationPlatforms) = postSolution
		{501DE5E5-9E64-4462-AA12-067802B1CA21}.Debug|Any CPU.ActiveCfg = Debug|Any CPU
		{501DE5E5-9E64-4462-AA12-067802B1CA21}.Debug|Any CPU.Build.0 = Debug|Any CPU
		{501DE5E5-9E64-4462-AA12-067802B1CA21}.Debug|x64.ActiveCfg = Debug|Any CPU
		{501DE5E5-9E64-4462-AA12-067802B1CA21}.Debug|x64.Build.0 = Debug|Any CPU
		{501DE5E5-9E64-4462-AA12-067802B1CA21}.Debug|x86.ActiveCfg = Debug|Any CPU
		{501DE5E5-9E64-4462-AA12-067802B1CA21}.Debug|x86.Build.0 = Debug|Any CPU
		{501DE5E5-9E64-4462-AA12-067802B1CA21}.Release|Any CPU.ActiveCfg = Release|Any CPU
		{501DE5E5-9E64-4462-AA12-067802B1CA21}.Release|Any CPU.Build.0 = Release|Any CPU
		{501DE5E5-9E64-4462-AA12-067802B1CA21}.Release|x64.ActiveCfg = Release|Any CPU
		{501DE5E5-9E64-4462-AA12-067802B1CA21}.Release|x64.Build.0 = Release|Any CPU
		{501DE5E5-9E64-4462-AA12-067802B1CA21}.Release|x86.ActiveCfg = Release|Any CPU
		{501DE5E5-9E64-4462-AA12-067802B1CA21}.Release|x86.Build.0 = Release|Any CPU
		{7112DA44-BA97-4473-8CEE-BB5DA5138798}.Debug|Any CPU.ActiveCfg = Debug|Any CPU
		{7112DA44-BA97-4473-8CEE-BB5DA5138798}.Debug|Any CPU.Build.0 = Debug|Any CPU
		{7112DA44-BA97-4473-8CEE-BB5DA5138798}.Debug|x64.ActiveCfg = Debug|Any CPU
		{7112DA44-BA97-4473-8CEE-BB5DA5138798}.Debug|x64.Build.0 = Debug|Any CPU
		{7112DA44-BA97-4473-8CEE-BB5DA5138798}.Debug|x86.ActiveCfg = Debug|Any CPU
		{7112DA44-BA97-4473-8CEE-BB5DA5138798}.Debug|x86.Build.0 = Debug|Any CPU
		{7112DA44-BA97-4473-8CEE-BB5DA5138798}.Release|Any CPU.ActiveCfg = Release|Any CPU
		{7112DA44-BA97-4473-8CEE-BB5DA5138798}.Release|Any CPU.Build.0 = Release|Any CPU
		{7112DA44-BA97-4473-8CEE-BB5DA5138798}.Release|x64.ActiveCfg = Release|Any CPU
		{7112DA44-BA97-4473-8CEE-BB5DA5138798}.Release|x64.Build.0 = Release|Any CPU
		{7112DA44-BA97-4473-8CEE-BB5DA5138798}.Release|x86.ActiveCfg = Release|Any CPU
		{7112DA44-BA97-4473-8CEE-BB5DA5138798}.Release|x86.Build.0 = Release|Any CPU
	EndGlobalSection
	GlobalSection(NestedProjects) = preSolution
		{501DE5E5-9E64-4462-AA12-067802B1CA21} = {539E4A85-17AA-42E9-88FD-BE8F43D2B146}
		{7112DA44-BA97-4473-8CEE-BB5DA5138798} = {539E4A85-17AA-42E9-88FD-BE8F43D2B146}
	EndGlobalSection
EndGlobal
